
Microsoft Visual Studio Solution File, Format Version 12.00
# Visual Studio 16
Project("{FAE04EC0-301F-11D3-BF4B-00C04F79EFBC}") = "Assembly-CSharp", "Assembly-CSharp.csproj", "{CA9368C2-D223-57D1-2CBB-47D64088ED4B}"
EndProject
Project("{FAE04EC0-301F-11D3-BF4B-00C04F79EFBC}") = "Assembly-CSharp-firstpass", "Assembly-CSharp-firstpass.csproj", "{DC42BEA2-7C44-4B40-F5F9-A9CA3D678067}"
EndProject
Project("{FAE04EC0-301F-11D3-BF4B-00C04F79EFBC}") = "Assembly-CSharp-Editor", "Assembly-CSharp-Editor.csproj", "{22C69894-08A1-EDED-2C3C-D0AD8564C631}"
EndProject
Global
	GlobalSection(SolutionConfigurationPlatforms) = preSolution
		Debug|Any CPU = Debug|Any CPU
		Release|Any CPU = Release|Any CPU
	EndGlobalSection
	GlobalSection(ProjectConfigurationPlatforms) = postSolution
		{CA9368C2-D223-57D1-2CBB-47D64088ED4B}.Debug|Any CPU.ActiveCfg = Debug|Any CPU
		{CA9368C2-D223-57D1-2CBB-47D64088ED4B}.Debug|Any CPU.Build.0 = Debug|Any CPU
		{CA9368C2-D223-57D1-2CBB-47D64088ED4B}.Release|Any CPU.ActiveCfg = Release|Any CPU
		{CA9368C2-D223-57D1-2CBB-47D64088ED4B}.Release|Any CPU.Build.0 = Release|Any CPU
		{DC42BEA2-7C44-4B40-F5F9-A9CA3D678067}.Debug|Any CPU.ActiveCfg = Debug|Any CPU
		{DC42BEA2-7C44-4B40-F5F9-A9CA3D678067}.Debug|Any CPU.Build.0 = Debug|Any CPU
		{DC42BEA2-7C44-4B40-F5F9-A9CA3D678067}.Release|Any CPU.ActiveCfg = Release|Any CPU
		{DC42BEA2-7C44-4B40-F5F9-A9CA3D678067}.Release|Any CPU.Build.0 = Release|Any CPU
		{22C69894-08A1-EDED-2C3C-D0AD8564C631}.Debug|Any CPU.ActiveCfg = Debug|Any CPU
		{22C69894-08A1-EDED-2C3C-D0AD8564C631}.Debug|Any CPU.Build.0 = Debug|Any CPU
		{22C69894-08A1-EDED-2C3C-D0AD8564C631}.Release|Any CPU.ActiveCfg = Release|Any CPU
		{22C69894-08A1-EDED-2C3C-D0AD8564C631}.Release|Any CPU.Build.0 = Release|Any CPU
	EndGlobalSection
	GlobalSection(SolutionProperties) = preSolution
		HideSolutionNode = FALSE
	EndGlobalSection
	GlobalSection(MonoDevelopProperties) = preSolution
		StartupItem = Assembly-CSharp.csproj
	EndGlobalSection
EndGlobal
