
Microsoft Visual Studio Solution File, Format Version 11.00
# Visual Studio 2010
Project("{FAE04EC0-301F-11D3-BF4B-00C04F79EFBC}") = "Assembly-CSharp", "Assembly-CSharp.csproj", "{DA400CE4-1399-FCA4-0DC3-B4159857B795}"
EndProject
Project("{FAE04EC0-301F-11D3-BF4B-00C04F79EFBC}") = "Assembly-CSharp-firstpass", "Assembly-CSharp-firstpass.csproj", "{1EF5B947-7F8C-3071-B903-3A1EC23F04E0}"
EndProject
Project("{FAE04EC0-301F-11D3-BF4B-00C04F79EFBC}") = "Assembly-CSharp-Editor", "Assembly-CSharp-Editor.csproj", "{8C8D0B6C-7E13-ADAE-E365-A5A4889D7DD9}"
EndProject
Global
	GlobalSection(SolutionConfigurationPlatforms) = preSolution
		Debug|Any CPU = Debug|Any CPU
		Release|Any CPU = Release|Any CPU
	EndGlobalSection
	GlobalSection(ProjectConfigurationPlatforms) = postSolution
		{DA400CE4-1399-FCA4-0DC3-B4159857B795}.Debug|Any CPU.ActiveCfg = Debug|Any CPU
		{DA400CE4-1399-FCA4-0DC3-B4159857B795}.Debug|Any CPU.Build.0 = Debug|Any CPU
		{DA400CE4-1399-FCA4-0DC3-B4159857B795}.Release|Any CPU.ActiveCfg = Release|Any CPU
		{DA400CE4-1399-FCA4-0DC3-B4159857B795}.Release|Any CPU.Build.0 = Release|Any CPU
		{1EF5B947-7F8C-3071-B903-3A1EC23F04E0}.Debug|Any CPU.ActiveCfg = Debug|Any CPU
		{1EF5B947-7F8C-3071-B903-3A1EC23F04E0}.Debug|Any CPU.Build.0 = Debug|Any CPU
		{1EF5B947-7F8C-3071-B903-3A1EC23F04E0}.Release|Any CPU.ActiveCfg = Release|Any CPU
		{1EF5B947-7F8C-3071-B903-3A1EC23F04E0}.Release|Any CPU.Build.0 = Release|Any CPU
		{8C8D0B6C-7E13-ADAE-E365-A5A4889D7DD9}.Debug|Any CPU.ActiveCfg = Debug|Any CPU
		{8C8D0B6C-7E13-ADAE-E365-A5A4889D7DD9}.Debug|Any CPU.Build.0 = Debug|Any CPU
		{8C8D0B6C-7E13-ADAE-E365-A5A4889D7DD9}.Release|Any CPU.ActiveCfg = Release|Any CPU
		{8C8D0B6C-7E13-ADAE-E365-A5A4889D7DD9}.Release|Any CPU.Build.0 = Release|Any CPU
	EndGlobalSection
	GlobalSection(SolutionProperties) = preSolution
		HideSolutionNode = FALSE
	EndGlobalSection
	GlobalSection(MonoDevelopProperties) = preSolution
		StartupItem = Assembly-CSharp.csproj
	EndGlobalSection
EndGlobal
